
Microsoft Visual Studio Solution File, Format Version 12.00
# Visual Studio Version 16
VisualStudioVersion = 16.0.29411.108
MinimumVisualStudioVersion = 10.0.40219.1
Project("{FAE04EC0-301F-11D3-BF4B-00C04F79EFBC}") = "MVCTeste", "MVCTeste\MVCTeste.csproj", "{1D322E57-0D8F-4B2A-9E1C-7BD398A9D541}"
EndProject
Global
	GlobalSection(SolutionConfigurationPlatforms) = preSolution
		Debug|Any CPU = Debug|Any CPU
		Release|Any CPU = Release|Any CPU
	EndGlobalSection
	GlobalSection(ProjectConfigurationPlatforms) = postSolution
		{1D322E57-0D8F-4B2A-9E1C-7BD398A9D541}.Debug|Any CPU.ActiveCfg = Debug|Any CPU
		{1D322E57-0D8F-4B2A-9E1C-7BD398A9D541}.Debug|Any CPU.Build.0 = Debug|Any CPU
		{1D322E57-0D8F-4B2A-9E1C-7BD398A9D541}.Release|Any CPU.ActiveCfg = Release|Any CPU
		{1D322E57-0D8F-4B2A-9E1C-7BD398A9D541}.Release|Any CPU.Build.0 = Release|Any CPU
	EndGlobalSection
	GlobalSection(SolutionProperties) = preSolution
		HideSolutionNode = FALSE
	EndGlobalSection
	GlobalSection(ExtensibilityGlobals) = postSolution
		SolutionGuid = {65DAF9C7-AEC3-417A-B6DB-D6E43FBE39AD}
	EndGlobalSection
EndGlobal
